
Microsoft Visual Studio Solution File, Format Version 12.00
# Visual Studio 2013
VisualStudioVersion = 12.0.40629.0
MinimumVisualStudioVersion = 10.0.40219.1
Project("{FAE04EC0-301F-11D3-BF4B-00C04F79EFBC}") = "BookLibDB", "BookLibDB.csproj", "{A3F76C1F-C282-41FA-BE28-B30B70068427}"
EndProject
Project("{FAE04EC0-301F-11D3-BF4B-00C04F79EFBC}") = "LocalPeopleDBEli", "..\LocalPeopleDBEli\LocalPeopleDBEli.csproj", "{4391CF1D-6838-4021-A245-6D1C2809E50F}"
EndProject
Project("{FAE04EC0-301F-11D3-BF4B-00C04F79EFBC}") = "PeopleBindingEli", "..\PeopleBindingEli\PeopleBindingEli\PeopleBindingEli.csproj", "{54A3A3E4-22BA-4281-9BD2-955D4F71A5DF}"
EndProject
Project("{FAE04EC0-301F-11D3-BF4B-00C04F79EFBC}") = "DataBindingTutorialEli", "..\DataBindingTutorialEli\DataBindingTutorialEli\DataBindingTutorialEli.csproj", "{E193FAF1-5245-4C5A-A7E4-4B5F93BA6FC2}"
EndProject
Project("{FAE04EC0-301F-11D3-BF4B-00C04F79EFBC}") = "ListBoxTutorialEli", "..\ListBoxTutorialEli\ListBoxTutorialEli\ListBoxTutorialEli.csproj", "{90FA4A6F-64E7-4051-967B-EFEE946AE466}"
EndProject
Project("{FAE04EC0-301F-11D3-BF4B-00C04F79EFBC}") = "RegisterPeopleEli", "..\RegisterPeopleEli\RegisterPeopleEli\RegisterPeopleEli.csproj", "{7C727A62-FC58-478E-BFCF-ED63387BA112}"
EndProject
Project("{FAE04EC0-301F-11D3-BF4B-00C04F79EFBC}") = "Quiz2Notes2", "..\Quiz2Notes2\Quiz2Notes2.csproj", "{2A27B801-72B9-41B9-B29D-CBDE818A8AF3}"
EndProject
Project("{FAE04EC0-301F-11D3-BF4B-00C04F79EFBC}") = "MiniNotepad", "..\..\..\DotNetGreg\MiniNotepad\MiniNotepad.csproj", "{716F94DD-0278-4A4A-A992-5CC58B5CED47}"
EndProject
Global
	GlobalSection(SolutionConfigurationPlatforms) = preSolution
		Debug|Any CPU = Debug|Any CPU
		Release|Any CPU = Release|Any CPU
	EndGlobalSection
	GlobalSection(ProjectConfigurationPlatforms) = postSolution
		{A3F76C1F-C282-41FA-BE28-B30B70068427}.Debug|Any CPU.ActiveCfg = Debug|Any CPU
		{A3F76C1F-C282-41FA-BE28-B30B70068427}.Debug|Any CPU.Build.0 = Debug|Any CPU
		{A3F76C1F-C282-41FA-BE28-B30B70068427}.Release|Any CPU.ActiveCfg = Release|Any CPU
		{A3F76C1F-C282-41FA-BE28-B30B70068427}.Release|Any CPU.Build.0 = Release|Any CPU
		{4391CF1D-6838-4021-A245-6D1C2809E50F}.Debug|Any CPU.ActiveCfg = Debug|Any CPU
		{4391CF1D-6838-4021-A245-6D1C2809E50F}.Debug|Any CPU.Build.0 = Debug|Any CPU
		{4391CF1D-6838-4021-A245-6D1C2809E50F}.Release|Any CPU.ActiveCfg = Release|Any CPU
		{4391CF1D-6838-4021-A245-6D1C2809E50F}.Release|Any CPU.Build.0 = Release|Any CPU
		{54A3A3E4-22BA-4281-9BD2-955D4F71A5DF}.Debug|Any CPU.ActiveCfg = Debug|Any CPU
		{54A3A3E4-22BA-4281-9BD2-955D4F71A5DF}.Debug|Any CPU.Build.0 = Debug|Any CPU
		{54A3A3E4-22BA-4281-9BD2-955D4F71A5DF}.Release|Any CPU.ActiveCfg = Release|Any CPU
		{54A3A3E4-22BA-4281-9BD2-955D4F71A5DF}.Release|Any CPU.Build.0 = Release|Any CPU
		{E193FAF1-5245-4C5A-A7E4-4B5F93BA6FC2}.Debug|Any CPU.ActiveCfg = Debug|Any CPU
		{E193FAF1-5245-4C5A-A7E4-4B5F93BA6FC2}.Debug|Any CPU.Build.0 = Debug|Any CPU
		{E193FAF1-5245-4C5A-A7E4-4B5F93BA6FC2}.Release|Any CPU.ActiveCfg = Release|Any CPU
		{E193FAF1-5245-4C5A-A7E4-4B5F93BA6FC2}.Release|Any CPU.Build.0 = Release|Any CPU
		{90FA4A6F-64E7-4051-967B-EFEE946AE466}.Debug|Any CPU.ActiveCfg = Debug|Any CPU
		{90FA4A6F-64E7-4051-967B-EFEE946AE466}.Debug|Any CPU.Build.0 = Debug|Any CPU
		{90FA4A6F-64E7-4051-967B-EFEE946AE466}.Release|Any CPU.ActiveCfg = Release|Any CPU
		{90FA4A6F-64E7-4051-967B-EFEE946AE466}.Release|Any CPU.Build.0 = Release|Any CPU
		{7C727A62-FC58-478E-BFCF-ED63387BA112}.Debug|Any CPU.ActiveCfg = Debug|Any CPU
		{7C727A62-FC58-478E-BFCF-ED63387BA112}.Debug|Any CPU.Build.0 = Debug|Any CPU
		{7C727A62-FC58-478E-BFCF-ED63387BA112}.Release|Any CPU.ActiveCfg = Release|Any CPU
		{7C727A62-FC58-478E-BFCF-ED63387BA112}.Release|Any CPU.Build.0 = Release|Any CPU
		{2A27B801-72B9-41B9-B29D-CBDE818A8AF3}.Debug|Any CPU.ActiveCfg = Debug|Any CPU
		{2A27B801-72B9-41B9-B29D-CBDE818A8AF3}.Debug|Any CPU.Build.0 = Debug|Any CPU
		{2A27B801-72B9-41B9-B29D-CBDE818A8AF3}.Release|Any CPU.ActiveCfg = Release|Any CPU
		{2A27B801-72B9-41B9-B29D-CBDE818A8AF3}.Release|Any CPU.Build.0 = Release|Any CPU
		{716F94DD-0278-4A4A-A992-5CC58B5CED47}.Debug|Any CPU.ActiveCfg = Debug|Any CPU
		{716F94DD-0278-4A4A-A992-5CC58B5CED47}.Debug|Any CPU.Build.0 = Debug|Any CPU
		{716F94DD-0278-4A4A-A992-5CC58B5CED47}.Release|Any CPU.ActiveCfg = Release|Any CPU
		{716F94DD-0278-4A4A-A992-5CC58B5CED47}.Release|Any CPU.Build.0 = Release|Any CPU
	EndGlobalSection
	GlobalSection(SolutionProperties) = preSolution
		HideSolutionNode = FALSE
	EndGlobalSection
EndGlobal
